{
  "name": "frontend",
  "version": "1.0.0",
  "lockfileVersion": 2,
  "requires": true,
  "packages": {
    "": {
      "name": "frontend",
      "version": "1.0.0",
      "license": "UNLICENSED",
      "dependencies": {
        "dayjs": "^1.10.7",
        "navaid": "^1.2.0"
      },
      "devDependencies": {
        "@sveltejs/vite-plugin-svelte": "^1.0.0-next.11",
        "@unocss/preset-uno": "^0.15.6",
        "@unocss/reset": "^0.15.6",
        "svelte": "^3.37.0",
        "unocss": "^0.15.6",
        "vite": "^2.6.4"
      }
    },
    "node_modules/@antfu/utils": {
      "version": "0.3.0",
      "dev": true,
      "license": "MIT",
      "dependencies": {
        "@types/throttle-debounce": "^2.1.0"
      },
      "funding": {
        "url": "https://github.com/sponsors/antfu"
      }
    },
    "node_modules/@iconify/types": {
      "version": "1.0.12",
      "dev": true,
      "license": "(Apache-2.0 OR GPL-2.0)"
    },
    "node_modules/@iconify/utils": {
      "version": "1.0.20",
      "dev": true,
      "license": "MIT",
      "dependencies": {
        "@iconify/types": "^1.0.12"
      }
    },
    "node_modules/@nodelib/fs.scandir": {
      "version": "2.1.5",
      "dev": true,
      "license": "MIT",
      "dependencies": {
        "@nodelib/fs.stat": "2.0.5",
        "run-parallel": "^1.1.9"
      },
      "engines": {
        "node": ">= 8"
      }
    },
    "node_modules/@nodelib/fs.stat": {
      "version": "2.0.5",
      "dev": true,
      "license": "MIT",
      "engines": {
        "node": ">= 8"
      }
    },
    "node_modules/@nodelib/fs.walk": {
      "version": "1.2.8",
      "dev": true,
      "license": "MIT",
      "dependencies": {
        "@nodelib/fs.scandir": "2.1.5",
        "fastq": "^1.6.0"
      },
      "engines": {
        "node": ">= 8"
      }
    },
    "node_modules/@rollup/pluginutils": {
      "version": "4.1.1",
      "dev": true,
      "license": "MIT",
      "dependencies": {
        "estree-walker": "^2.0.1",
        "picomatch": "^2.2.2"
      },
      "engines": {
        "node": ">= 8.0.0"
      }
    },
    "node_modules/@sveltejs/vite-plugin-svelte": {
      "version": "1.0.0-next.31",
      "dev": true,
      "license": "MIT",
      "dependencies": {
        "@rollup/pluginutils": "^4.1.1",
        "debug": "^4.3.3",
        "kleur": "^4.1.4",
        "magic-string": "^0.25.7",
        "require-relative": "^0.8.7",
        "svelte-hmr": "^0.14.7"
      },
      "engines": {
        "node": "^14.13.1 || >= 16"
      },
      "peerDependencies": {
        "diff-match-patch": "^1.0.5",
        "svelte": "^3.44.0",
        "vite": "^2.6.0"
      },
      "peerDependenciesMeta": {
        "diff-match-patch": {
          "optional": true
        }
      }
    },
    "node_modules/@types/throttle-debounce": {
      "version": "2.1.0",
      "dev": true,
      "license": "MIT"
    },
    "node_modules/@unocss/cli": {
      "version": "0.15.6",
      "dev": true,
      "license": "MIT",
      "dependencies": {
        "@unocss/config": "0.15.6",
        "@unocss/core": "0.15.6",
        "@unocss/preset-uno": "0.15.6",
        "cac": "^6.7.12",
        "chokidar": "^3.5.2",
        "colorette": "^2.0.16",
        "consola": "^2.15.3",
        "fast-glob": "^3.2.7",
        "pathe": "^0.2.0"
      },
      "bin": {
        "unocss": "bin/unocss.cjs"
      },
      "engines": {
        "node": ">=14"
      },
      "funding": {
        "url": "https://github.com/sponsors/antfu"
      }
    },
    "node_modules/@unocss/config": {
      "version": "0.15.6",
      "dev": true,
      "license": "MIT",
      "dependencies": {
        "@unocss/core": "0.15.6",
        "unconfig": "^0.2.2"
      },
      "engines": {
        "node": ">=14"
      },
      "funding": {
        "url": "https://github.com/sponsors/antfu"
      }
    },
    "node_modules/@unocss/core": {
      "version": "0.15.6",
      "dev": true,
      "license": "MIT",
      "funding": {
        "url": "https://github.com/sponsors/antfu"
      }
    },
    "node_modules/@unocss/inspector": {
      "version": "0.15.6",
      "dev": true,
      "license": "MIT",
      "dependencies": {
        "gzip-size": "^6.0.0",
        "sirv": "^1.0.19"
      },
      "funding": {
        "url": "https://github.com/sponsors/antfu"
      }
    },
    "node_modules/@unocss/preset-attributify": {
      "version": "0.15.6",
      "dev": true,
      "license": "MIT",
      "dependencies": {
        "@unocss/core": "0.15.6"
      },
      "funding": {
        "url": "https://github.com/sponsors/antfu"
      }
    },
    "node_modules/@unocss/preset-icons": {
      "version": "0.15.6",
      "dev": true,
      "license": "MIT",
      "dependencies": {
        "@iconify/utils": "^1.0.20",
        "@unocss/core": "0.15.6",
        "local-pkg": "^0.4.0"
      },
      "funding": {
        "url": "https://github.com/sponsors/antfu"
      }
    },
    "node_modules/@unocss/preset-mini": {
      "version": "0.15.6",
      "dev": true,
      "license": "MIT",
      "dependencies": {
        "@unocss/core": "0.15.6"
      },
      "funding": {
        "url": "https://github.com/sponsors/antfu"
      }
    },
    "node_modules/@unocss/preset-uno": {
      "version": "0.15.6",
      "dev": true,
      "license": "MIT",
      "dependencies": {
        "@unocss/core": "0.15.6",
        "@unocss/preset-mini": "0.15.6",
        "@unocss/preset-wind": "0.15.6"
      },
      "funding": {
        "url": "https://github.com/sponsors/antfu"
      }
    },
    "node_modules/@unocss/preset-wind": {
      "version": "0.15.6",
      "dev": true,
      "license": "MIT",
      "dependencies": {
        "@unocss/core": "0.15.6",
        "@unocss/preset-mini": "0.15.6"
      },
      "funding": {
        "url": "https://github.com/sponsors/antfu"
      }
    },
    "node_modules/@unocss/reset": {
      "version": "0.15.6",
      "dev": true,
      "license": "MIT",
      "funding": {
        "url": "https://github.com/sponsors/antfu"
      }
    },
    "node_modules/@unocss/scope": {
      "version": "0.15.6",
      "dev": true
    },
    "node_modules/@unocss/vite": {
      "version": "0.15.6",
      "dev": true,
      "license": "MIT",
      "dependencies": {
        "@rollup/pluginutils": "^4.1.1",
        "@unocss/config": "0.15.6",
        "@unocss/core": "0.15.6",
        "@unocss/inspector": "0.15.6",
        "@unocss/scope": "0.15.6"
      },
      "funding": {
        "url": "https://github.com/sponsors/antfu"
      }
    },
    "node_modules/builtins": {
      "version": "4.0.0",
      "dev": true,
      "license": "MIT",
      "dependencies": {
        "semver": "^7.0.0"
      }
    },
    "node_modules/cac": {
      "version": "6.7.12",
      "dev": true,
      "license": "MIT",
      "engines": {
        "node": ">=8"
      }
    },
    "node_modules/consola": {
      "version": "2.15.3",
      "dev": true,
      "license": "MIT"
    },
    "node_modules/dayjs": {
      "version": "1.10.7",
      "resolved": "https://registry.npmjs.org/dayjs/-/dayjs-1.10.7.tgz",
      "integrity": "sha512-P6twpd70BcPK34K26uJ1KT3wlhpuOAPoMwJzpsIWUxHZ7wpmbdZL/hQqBDfz7hGurYSa5PhzdhDHtt319hL3ig=="
    },
    "node_modules/defu": {
      "version": "5.0.0",
      "dev": true,
      "license": "MIT"
    },
    "node_modules/duplexer": {
      "version": "0.1.2",
      "dev": true,
      "license": "MIT"
    },
    "node_modules/esbuild": {
      "version": "0.13.15",
      "dev": true,
      "hasInstallScript": true,
      "license": "MIT",
      "bin": {
        "esbuild": "bin/esbuild"
      },
      "optionalDependencies": {
        "esbuild-android-arm64": "0.13.15",
        "esbuild-darwin-64": "0.13.15",
        "esbuild-darwin-arm64": "0.13.15",
        "esbuild-freebsd-64": "0.13.15",
        "esbuild-freebsd-arm64": "0.13.15",
        "esbuild-linux-32": "0.13.15",
        "esbuild-linux-64": "0.13.15",
        "esbuild-linux-arm": "0.13.15",
        "esbuild-linux-arm64": "0.13.15",
        "esbuild-linux-mips64le": "0.13.15",
        "esbuild-linux-ppc64le": "0.13.15",
        "esbuild-netbsd-64": "0.13.15",
        "esbuild-openbsd-64": "0.13.15",
        "esbuild-sunos-64": "0.13.15",
        "esbuild-windows-32": "0.13.15",
        "esbuild-windows-64": "0.13.15",
        "esbuild-windows-arm64": "0.13.15"
      }
    },
    "node_modules/esbuild-linux-64": {
      "version": "0.13.15",
      "cpu": [
        "x64"
      ],
      "dev": true,
      "license": "MIT",
      "optional": true,
      "os": [
        "linux"
      ]
    },
    "node_modules/estree-walker": {
      "version": "2.0.2",
      "dev": true,
      "license": "MIT"
    },
    "node_modules/fast-glob": {
      "version": "3.2.7",
      "dev": true,
      "license": "MIT",
      "dependencies": {
        "@nodelib/fs.stat": "^2.0.2",
        "@nodelib/fs.walk": "^1.2.3",
        "glob-parent": "^5.1.2",
        "merge2": "^1.3.0",
        "micromatch": "^4.0.4"
      },
      "engines": {
        "node": ">=8"
      }
    },
    "node_modules/fastq": {
      "version": "1.13.0",
      "dev": true,
      "license": "ISC",
      "dependencies": {
        "reusify": "^1.0.4"
      }
    },
    "node_modules/gzip-size": {
      "version": "6.0.0",
      "dev": true,
      "license": "MIT",
      "dependencies": {
        "duplexer": "^0.1.2"
      },
      "engines": {
        "node": ">=10"
      },
      "funding": {
        "url": "https://github.com/sponsors/sindresorhus"
      }
    },
    "node_modules/import-meta-resolve": {
      "version": "1.1.1",
      "dev": true,
      "license": "MIT",
      "dependencies": {
        "builtins": "^4.0.0"
      },
      "funding": {
        "type": "github",
        "url": "https://github.com/sponsors/wooorm"
      }
    },
    "node_modules/jiti": {
      "version": "1.12.9",
      "dev": true,
      "license": "MIT",
      "bin": {
        "jiti": "bin/jiti.js"
      }
    },
    "node_modules/local-pkg": {
      "version": "0.4.0",
      "dev": true,
      "license": "MIT",
      "dependencies": {
        "mlly": "^0.2.2"
      },
      "engines": {
        "node": ">=14"
      },
      "funding": {
        "url": "https://github.com/sponsors/antfu"
      }
    },
    "node_modules/magic-string": {
      "version": "0.25.7",
      "dev": true,
      "license": "MIT",
      "dependencies": {
        "sourcemap-codec": "^1.4.4"
      }
    },
    "node_modules/merge2": {
      "version": "1.4.1",
      "dev": true,
      "license": "MIT",
      "engines": {
        "node": ">= 8"
      }
    },
    "node_modules/mlly": {
      "version": "0.2.10",
      "dev": true,
      "license": "MIT",
      "dependencies": {
        "import-meta-resolve": "^1.1.1"
      }
    },
    "node_modules/mrmime": {
      "version": "1.0.0",
      "dev": true,
      "license": "MIT",
      "engines": {
        "node": ">=10"
      }
    },
    "node_modules/nanoid": {
      "version": "3.1.30",
      "dev": true,
      "license": "MIT",
      "bin": {
        "nanoid": "bin/nanoid.cjs"
      },
      "engines": {
        "node": "^10 || ^12 || ^13.7 || ^14 || >=15.0.1"
      }
    },
    "node_modules/navaid": {
      "version": "1.2.0",
      "license": "MIT",
      "dependencies": {
        "regexparam": "^1.0.2"
      },
      "engines": {
        "node": ">= 6"
      }
    },
    "node_modules/pathe": {
      "version": "0.2.0",
      "dev": true,
      "license": "MIT"
    },
    "node_modules/postcss": {
      "version": "8.4.4",
      "dev": true,
      "license": "MIT",
      "dependencies": {
        "nanoid": "^3.1.30",
        "picocolors": "^1.0.0",
        "source-map-js": "^1.0.1"
      },
      "engines": {
        "node": "^10 || ^12 || >=14"
      },
      "funding": {
        "type": "opencollective",
        "url": "https://opencollective.com/postcss/"
      }
    },
    "node_modules/queue-microtask": {
      "version": "1.2.3",
      "dev": true,
      "funding": [
        {
          "type": "github",
          "url": "https://github.com/sponsors/feross"
        },
        {
          "type": "patreon",
          "url": "https://www.patreon.com/feross"
        },
        {
          "type": "consulting",
          "url": "https://feross.org/support"
        }
      ],
      "license": "MIT"
    },
    "node_modules/require-relative": {
      "version": "0.8.7",
      "dev": true,
      "license": "MIT"
    },
    "node_modules/reusify": {
      "version": "1.0.4",
      "dev": true,
      "license": "MIT",
      "engines": {
        "iojs": ">=1.0.0",
        "node": ">=0.10.0"
      }
    },
    "node_modules/rollup": {
      "version": "2.61.0",
      "dev": true,
      "license": "MIT",
      "bin": {
        "rollup": "dist/bin/rollup"
      },
      "engines": {
        "node": ">=10.0.0"
      },
      "optionalDependencies": {
        "fsevents": "~2.3.2"
      }
    },
    "node_modules/run-parallel": {
      "version": "1.2.0",
      "dev": true,
      "funding": [
        {
          "type": "github",
          "url": "https://github.com/sponsors/feross"
        },
        {
          "type": "patreon",
          "url": "https://www.patreon.com/feross"
        },
        {
          "type": "consulting",
          "url": "https://feross.org/support"
        }
      ],
      "license": "MIT",
      "dependencies": {
        "queue-microtask": "^1.2.2"
      }
    },
    "node_modules/semver": {
      "version": "7.3.5",
      "dev": true,
      "license": "ISC",
      "dependencies": {
        "lru-cache": "^6.0.0"
      },
      "bin": {
        "semver": "bin/semver.js"
      },
      "engines": {
        "node": ">=10"
      }
    },
    "node_modules/sirv": {
      "version": "1.0.19",
      "dev": true,
      "license": "MIT",
      "dependencies": {
        "@polka/url": "^1.0.0-next.20",
        "mrmime": "^1.0.0",
        "totalist": "^1.0.0"
      },
      "engines": {
        "node": ">= 10"
      }
    },
    "node_modules/source-map-js": {
      "version": "1.0.1",
      "dev": true,
      "license": "BSD-3-Clause",
      "engines": {
        "node": ">=0.10.0"
      }
    },
    "node_modules/sourcemap-codec": {
      "version": "1.4.8",
      "dev": true,
      "license": "MIT"
    },
    "node_modules/svelte": {
      "version": "3.44.2",
      "dev": true,
      "license": "MIT",
      "engines": {
        "node": ">= 8"
      }
    },
    "node_modules/svelte-hmr": {
      "version": "0.14.7",
      "dev": true,
      "license": "ISC",
      "peerDependencies": {
        "svelte": ">=3.19.0"
      }
    },
    "node_modules/totalist": {
      "version": "1.1.0",
      "dev": true,
      "license": "MIT",
      "engines": {
        "node": ">=6"
      }
    },
    "node_modules/unconfig": {
      "version": "0.2.2",
      "dev": true,
      "license": "MIT",
      "dependencies": {
        "@antfu/utils": "^0.3.0",
        "defu": "^5.0.0",
        "jiti": "^1.12.9"
      },
      "funding": {
        "url": "https://github.com/sponsors/antfu"
      }
    },
    "node_modules/unocss": {
      "version": "0.15.6",
      "dev": true,
      "license": "MIT",
      "dependencies": {
        "@unocss/cli": "0.15.6",
        "@unocss/core": "0.15.6",
        "@unocss/preset-attributify": "0.15.6",
        "@unocss/preset-icons": "0.15.6",
        "@unocss/preset-uno": "0.15.6",
        "@unocss/reset": "0.15.6",
        "@unocss/vite": "0.15.6"
      },
      "engines": {
        "node": ">=14"
      },
      "funding": {
        "url": "https://github.com/sponsors/antfu"
      }
    },
    "node_modules/vite": {
      "version": "2.7.1",
      "dev": true,
      "license": "MIT",
      "dependencies": {
        "esbuild": "^0.13.12",
        "postcss": "^8.3.11",
        "resolve": "^1.20.0",
        "rollup": "^2.59.0"
      },
      "bin": {
        "vite": "bin/vite.js"
      },
      "engines": {
        "node": ">=12.2.0"
      },
      "optionalDependencies": {
        "fsevents": "~2.3.2"
      },
      "peerDependencies": {
        "less": "*",
        "sass": "*",
        "stylus": "*"
      },
      "peerDependenciesMeta": {
        "less": {
          "optional": true
        },
        "sass": {
          "optional": true
        },
        "stylus": {
          "optional": true
        }
      }
    }
  },
  "dependencies": {
    "@antfu/utils": {
      "version": "0.3.0",
      "dev": true,
      "requires": {
        "@types/throttle-debounce": "^2.1.0"
      }
    },
    "@iconify/types": {
      "version": "1.0.12",
      "dev": true
    },
    "@iconify/utils": {
      "version": "1.0.20",
      "dev": true,
      "requires": {
        "@iconify/types": "^1.0.12"
      }
    },
    "@nodelib/fs.scandir": {
      "version": "2.1.5",
      "dev": true,
      "requires": {
        "@nodelib/fs.stat": "2.0.5",
        "run-parallel": "^1.1.9"
      }
    },
    "@nodelib/fs.stat": {
      "version": "2.0.5",
      "dev": true
    },
    "@nodelib/fs.walk": {
      "version": "1.2.8",
      "dev": true,
      "requires": {
        "@nodelib/fs.scandir": "2.1.5",
        "fastq": "^1.6.0"
      }
    },
    "@rollup/pluginutils": {
      "version": "4.1.1",
      "dev": true,
      "requires": {
        "estree-walker": "^2.0.1",
        "picomatch": "^2.2.2"
      }
    },
    "@sveltejs/vite-plugin-svelte": {
      "version": "1.0.0-next.31",
      "dev": true,
      "requires": {
        "@rollup/pluginutils": "^4.1.1",
        "debug": "^4.3.3",
        "kleur": "^4.1.4",
        "magic-string": "^0.25.7",
        "require-relative": "^0.8.7",
        "svelte-hmr": "^0.14.7"
      }
    },
    "@types/throttle-debounce": {
      "version": "2.1.0",
      "dev": true
    },
    "@unocss/cli": {
      "version": "0.15.6",
      "dev": true,
      "requires": {
        "@unocss/config": "0.15.6",
        "@unocss/core": "0.15.6",
        "@unocss/preset-uno": "0.15.6",
        "cac": "^6.7.12",
        "chokidar": "^3.5.2",
        "colorette": "^2.0.16",
        "consola": "^2.15.3",
        "fast-glob": "^3.2.7",
        "pathe": "^0.2.0"
      }
    },
    "@unocss/config": {
      "version": "0.15.6",
      "dev": true,
      "requires": {
        "@unocss/core": "0.15.6",
        "unconfig": "^0.2.2"
      }
    },
    "@unocss/core": {
      "version": "0.15.6",
      "dev": true
    },
    "@unocss/inspector": {
      "version": "0.15.6",
      "dev": true,
      "requires": {
        "gzip-size": "^6.0.0",
        "sirv": "^1.0.19"
      }
    },
    "@unocss/preset-attributify": {
      "version": "0.15.6",
      "dev": true,
      "requires": {
        "@unocss/core": "0.15.6"
      }
    },
    "@unocss/preset-icons": {
      "version": "0.15.6",
      "dev": true,
      "requires": {
        "@iconify/utils": "^1.0.20",
        "@unocss/core": "0.15.6",
        "local-pkg": "^0.4.0"
      }
    },
    "@unocss/preset-mini": {
      "version": "0.15.6",
      "dev": true,
      "requires": {
        "@unocss/core": "0.15.6"
      }
    },
    "@unocss/preset-uno": {
      "version": "0.15.6",
      "dev": true,
      "requires": {
        "@unocss/core": "0.15.6",
        "@unocss/preset-mini": "0.15.6",
        "@unocss/preset-wind": "0.15.6"
      }
    },
    "@unocss/preset-wind": {
      "version": "0.15.6",
      "dev": true,
      "requires": {
        "@unocss/core": "0.15.6",
        "@unocss/preset-mini": "0.15.6"
      }
    },
    "@unocss/reset": {
      "version": "0.15.6",
      "dev": true
    },
    "@unocss/scope": {
      "version": "0.15.6",
      "dev": true
    },
    "@unocss/vite": {
      "version": "0.15.6",
      "dev": true,
      "requires": {
        "@rollup/pluginutils": "^4.1.1",
        "@unocss/config": "0.15.6",
        "@unocss/core": "0.15.6",
        "@unocss/inspector": "0.15.6",
        "@unocss/scope": "0.15.6"
      }
    },
    "builtins": {
      "version": "4.0.0",
      "dev": true,
      "requires": {
        "semver": "^7.0.0"
      }
    },
    "cac": {
      "version": "6.7.12",
      "dev": true
    },
    "consola": {
      "version": "2.15.3",
      "dev": true
    },
    "dayjs": {
      "version": "1.10.7",
      "resolved": "https://registry.npmjs.org/dayjs/-/dayjs-1.10.7.tgz",
      "integrity": "sha512-P6twpd70BcPK34K26uJ1KT3wlhpuOAPoMwJzpsIWUxHZ7wpmbdZL/hQqBDfz7hGurYSa5PhzdhDHtt319hL3ig=="
    },
    "defu": {
      "version": "5.0.0",
      "dev": true
    },
    "duplexer": {
      "version": "0.1.2",
      "dev": true
    },
    "esbuild": {
      "version": "0.13.15",
      "dev": true,
      "requires": {
        "esbuild-android-arm64": "0.13.15",
        "esbuild-darwin-64": "0.13.15",
        "esbuild-darwin-arm64": "0.13.15",
        "esbuild-freebsd-64": "0.13.15",
        "esbuild-freebsd-arm64": "0.13.15",
        "esbuild-linux-32": "0.13.15",
        "esbuild-linux-64": "0.13.15",
        "esbuild-linux-arm": "0.13.15",
        "esbuild-linux-arm64": "0.13.15",
        "esbuild-linux-mips64le": "0.13.15",
        "esbuild-linux-ppc64le": "0.13.15",
        "esbuild-netbsd-64": "0.13.15",
        "esbuild-openbsd-64": "0.13.15",
        "esbuild-sunos-64": "0.13.15",
        "esbuild-windows-32": "0.13.15",
        "esbuild-windows-64": "0.13.15",
        "esbuild-windows-arm64": "0.13.15"
      }
    },
    "esbuild-linux-64": {
      "version": "0.13.15",
      "dev": true,
      "optional": true
    },
    "estree-walker": {
      "version": "2.0.2",
      "dev": true
    },
    "fast-glob": {
      "version": "3.2.7",
      "dev": true,
      "requires": {
        "@nodelib/fs.stat": "^2.0.2",
        "@nodelib/fs.walk": "^1.2.3",
        "glob-parent": "^5.1.2",
        "merge2": "^1.3.0",
        "micromatch": "^4.0.4"
      }
    },
    "fastq": {
      "version": "1.13.0",
      "dev": true,
      "requires": {
        "reusify": "^1.0.4"
      }
    },
    "gzip-size": {
      "version": "6.0.0",
      "dev": true,
      "requires": {
        "duplexer": "^0.1.2"
      }
    },
    "import-meta-resolve": {
      "version": "1.1.1",
      "dev": true,
      "requires": {
        "builtins": "^4.0.0"
      }
    },
    "jiti": {
      "version": "1.12.9",
      "dev": true
    },
    "local-pkg": {
      "version": "0.4.0",
      "dev": true,
      "requires": {
        "mlly": "^0.2.2"
      }
    },
    "magic-string": {
      "version": "0.25.7",
      "dev": true,
      "requires": {
        "sourcemap-codec": "^1.4.4"
      }
    },
    "merge2": {
      "version": "1.4.1",
      "dev": true
    },
    "mlly": {
      "version": "0.2.10",
      "dev": true,
      "requires": {
        "import-meta-resolve": "^1.1.1"
      }
    },
    "mrmime": {
      "version": "1.0.0",
      "dev": true
    },
    "nanoid": {
      "version": "3.1.30",
      "dev": true
    },
    "navaid": {
      "version": "1.2.0",
      "requires": {
        "regexparam": "^1.0.2"
      }
    },
    "pathe": {
      "version": "0.2.0",
      "dev": true
    },
    "postcss": {
      "version": "8.4.4",
      "dev": true,
      "requires": {
        "nanoid": "^3.1.30",
        "picocolors": "^1.0.0",
        "source-map-js": "^1.0.1"
      }
    },
    "queue-microtask": {
      "version": "1.2.3",
      "dev": true
    },
    "require-relative": {
      "version": "0.8.7",
      "dev": true
    },
    "reusify": {
      "version": "1.0.4",
      "dev": true
    },
    "rollup": {
      "version": "2.61.0",
      "dev": true,
      "requires": {
        "fsevents": "~2.3.2"
      }
    },
    "run-parallel": {
      "version": "1.2.0",
      "dev": true,
      "requires": {
        "queue-microtask": "^1.2.2"
      }
    },
    "semver": {
      "version": "7.3.5",
      "dev": true,
      "requires": {
        "lru-cache": "^6.0.0"
      }
    },
    "sirv": {
      "version": "1.0.19",
      "dev": true,
      "requires": {
        "@polka/url": "^1.0.0-next.20",
        "mrmime": "^1.0.0",
        "totalist": "^1.0.0"
      }
    },
    "source-map-js": {
      "version": "1.0.1",
      "dev": true
    },
    "sourcemap-codec": {
      "version": "1.4.8",
      "dev": true
    },
    "svelte": {
      "version": "3.44.2",
      "dev": true
    },
    "svelte-hmr": {
      "version": "0.14.7",
      "dev": true,
      "requires": {}
    },
    "totalist": {
      "version": "1.1.0",
      "dev": true
    },
    "unconfig": {
      "version": "0.2.2",
      "dev": true,
      "requires": {
        "@antfu/utils": "^0.3.0",
        "defu": "^5.0.0",
        "jiti": "^1.12.9"
      }
    },
    "unocss": {
      "version": "0.15.6",
      "dev": true,
      "requires": {
        "@unocss/cli": "0.15.6",
        "@unocss/core": "0.15.6",
        "@unocss/preset-attributify": "0.15.6",
        "@unocss/preset-icons": "0.15.6",
        "@unocss/preset-uno": "0.15.6",
        "@unocss/reset": "0.15.6",
        "@unocss/vite": "0.15.6"
      }
    },
    "vite": {
      "version": "2.7.1",
      "dev": true,
      "requires": {
        "esbuild": "^0.13.12",
        "fsevents": "~2.3.2",
        "postcss": "^8.3.11",
        "resolve": "^1.20.0",
        "rollup": "^2.59.0"
      }
    }
  }
}
